
Microsoft Visual Studio Solution File, Format Version 12.00
# Visual Studio 15
VisualStudioVersion = 15.0.27130.2020
MinimumVisualStudioVersion = 10.0.40219.1
Project("{FAE04EC0-301F-11D3-BF4B-00C04F79EFBC}") = "Calc", "Calc\Calc.csproj", "{8D2280CD-8EED-451B-A3EA-1B5ED057480F}"
EndProject
Project("{FAE04EC0-301F-11D3-BF4B-00C04F79EFBC}") = "UnitTesOperationBase", "UnitTesOperationBase\UnitTesOperationBase.csproj", "{BBD210A1-4A33-427E-A436-A670AD55BFDF}"
EndProject
Project("{FAE04EC0-301F-11D3-BF4B-00C04F79EFBC}") = "WpfCalculator", "WpfCalculator\WpfCalculator.csproj", "{021AB60E-892A-4942-8A4F-2D303F4357DF}"
EndProject
Global
	GlobalSection(SolutionConfigurationPlatforms) = preSolution
		Debug|Any CPU = Debug|Any CPU
		Release|Any CPU = Release|Any CPU
	EndGlobalSection
	GlobalSection(ProjectConfigurationPlatforms) = postSolution
		{8D2280CD-8EED-451B-A3EA-1B5ED057480F}.Debug|Any CPU.ActiveCfg = Debug|Any CPU
		{8D2280CD-8EED-451B-A3EA-1B5ED057480F}.Debug|Any CPU.Build.0 = Debug|Any CPU
		{8D2280CD-8EED-451B-A3EA-1B5ED057480F}.Release|Any CPU.ActiveCfg = Release|Any CPU
		{8D2280CD-8EED-451B-A3EA-1B5ED057480F}.Release|Any CPU.Build.0 = Release|Any CPU
		{BBD210A1-4A33-427E-A436-A670AD55BFDF}.Debug|Any CPU.ActiveCfg = Debug|Any CPU
		{BBD210A1-4A33-427E-A436-A670AD55BFDF}.Debug|Any CPU.Build.0 = Debug|Any CPU
		{BBD210A1-4A33-427E-A436-A670AD55BFDF}.Release|Any CPU.ActiveCfg = Release|Any CPU
		{BBD210A1-4A33-427E-A436-A670AD55BFDF}.Release|Any CPU.Build.0 = Release|Any CPU
		{021AB60E-892A-4942-8A4F-2D303F4357DF}.Debug|Any CPU.ActiveCfg = Debug|Any CPU
		{021AB60E-892A-4942-8A4F-2D303F4357DF}.Debug|Any CPU.Build.0 = Debug|Any CPU
		{021AB60E-892A-4942-8A4F-2D303F4357DF}.Release|Any CPU.ActiveCfg = Release|Any CPU
		{021AB60E-892A-4942-8A4F-2D303F4357DF}.Release|Any CPU.Build.0 = Release|Any CPU
	EndGlobalSection
	GlobalSection(SolutionProperties) = preSolution
		HideSolutionNode = FALSE
	EndGlobalSection
	GlobalSection(ExtensibilityGlobals) = postSolution
		SolutionGuid = {39294A6F-C957-45F1-8C89-7A6CB078281E}
	EndGlobalSection
EndGlobal
